<?xml version="1.0" encoding="utf-8"?>
<Project ToolsVersion="4.0" xmlns="http://schemas.microsoft.com/developer/msbuild/2003">
  <ItemGroup>
    <ClInclude Include="InnerInterfaces.h" />
    <ClInclude Include="ReaderInterfaces.h" />
    <ClInclude Include="CudaMemoryProvider.h" />
    <ClInclude Include="HeapMemoryProvider.h" />
    <ClInclude Include="SubstitutingMemoryProvider.h" />
    <ClInclude Include="BlockRandomizer.h" />
    <ClInclude Include="ReaderShim.h" />
    <ClInclude Include="FrameModePacker.h" />
  </ItemGroup>
  <ItemGroup>
    <ClCompile Include="BlockRandomizer.cpp" />
    <ClCompile Include="ReaderShim.cpp" />
    <ClCompile Include="FrameModePacker.cpp" />
  </ItemGroup>
</Project>